
Microsoft Visual Studio Solution File, Format Version 12.00
# Visual Studio 15
VisualStudioVersion = 15.0.28307.1022
MinimumVisualStudioVersion = 10.0.40219.1
Project("{FAE04EC0-301F-11D3-BF4B-00C04F79EFBC}") = "Mesaj_Test", "Mesaj_Test\Mesaj_Test.csproj", "{5A50687B-0F50-4162-80AE-451995E3633B}"
EndProject
Global
	GlobalSection(SolutionConfigurationPlatforms) = preSolution
		Debug|Any CPU = Debug|Any CPU
		Release|Any CPU = Release|Any CPU
	EndGlobalSection
	GlobalSection(ProjectConfigurationPlatforms) = postSolution
		{5A50687B-0F50-4162-80AE-451995E3633B}.Debug|Any CPU.ActiveCfg = Debug|Any CPU
		{5A50687B-0F50-4162-80AE-451995E3633B}.Debug|Any CPU.Build.0 = Debug|Any CPU
		{5A50687B-0F50-4162-80AE-451995E3633B}.Release|Any CPU.ActiveCfg = Release|Any CPU
		{5A50687B-0F50-4162-80AE-451995E3633B}.Release|Any CPU.Build.0 = Release|Any CPU
	EndGlobalSection
	GlobalSection(SolutionProperties) = preSolution
		HideSolutionNode = FALSE
	EndGlobalSection
	GlobalSection(ExtensibilityGlobals) = postSolution
		SolutionGuid = {7F89901E-8166-4496-805A-793E09D41B41}
	EndGlobalSection
EndGlobal
